
Microsoft Visual Studio Solution File, Format Version 12.00
# Visual Studio Version 16
VisualStudioVersion = 16.0.29020.237
MinimumVisualStudioVersion = 10.0.40219.1
Project("{FAE04EC0-301F-11D3-BF4B-00C04F79EFBC}") = "TrackerLibrary", "TrackerLibrary.csproj", "{BF7ABF17-3592-4251-8EDC-FE097533BE00}"
EndProject
Project("{FAE04EC0-301F-11D3-BF4B-00C04F79EFBC}") = "TrackerUI", "..\TrackerUI\TrackerUI.csproj", "{5B510216-DE80-427F-B9A2-365B2420240E}"
EndProject
Global
	GlobalSection(SolutionConfigurationPlatforms) = preSolution
		Debug|Any CPU = Debug|Any CPU
		Release|Any CPU = Release|Any CPU
	EndGlobalSection
	GlobalSection(ProjectConfigurationPlatforms) = postSolution
		{BF7ABF17-3592-4251-8EDC-FE097533BE00}.Debug|Any CPU.ActiveCfg = Debug|Any CPU
		{BF7ABF17-3592-4251-8EDC-FE097533BE00}.Debug|Any CPU.Build.0 = Debug|Any CPU
		{BF7ABF17-3592-4251-8EDC-FE097533BE00}.Release|Any CPU.ActiveCfg = Release|Any CPU
		{BF7ABF17-3592-4251-8EDC-FE097533BE00}.Release|Any CPU.Build.0 = Release|Any CPU
		{5B510216-DE80-427F-B9A2-365B2420240E}.Debug|Any CPU.ActiveCfg = Debug|Any CPU
		{5B510216-DE80-427F-B9A2-365B2420240E}.Debug|Any CPU.Build.0 = Debug|Any CPU
		{5B510216-DE80-427F-B9A2-365B2420240E}.Release|Any CPU.ActiveCfg = Release|Any CPU
		{5B510216-DE80-427F-B9A2-365B2420240E}.Release|Any CPU.Build.0 = Release|Any CPU
	EndGlobalSection
	GlobalSection(SolutionProperties) = preSolution
		HideSolutionNode = FALSE
	EndGlobalSection
	GlobalSection(ExtensibilityGlobals) = postSolution
		SolutionGuid = {EE537841-4CEB-408A-AACF-F011B8CDA407}
	EndGlobalSection
EndGlobal
